{
    "_readme": [
        "This file locks the dependencies of your project to a known state",
        "Read more about it at https://getcomposer.org/doc/01-basic-usage.md#installing-dependencies",
        "This file is @generated automatically"
    ],
    "content-hash": "8e24c9f8677a9761f828638bf259b9d9",
    "packages": [
        {
            "name": "battis/hydratable",
            "version": "v0.1",
            "source": {
                "type": "git",
                "url": "https://github.com/battis/hydratable.git",
                "reference": "b3f85b98f69691defc913104dac5e84a77da1fdd"
            },
            "dist": {
                "type": "zip",
                "url": "https://api.github.com/repos/battis/hydratable/zipball/b3f85b98f69691defc913104dac5e84a77da1fdd",
                "reference": "b3f85b98f69691defc913104dac5e84a77da1fdd",
                "shasum": ""
            },
            "require": {
                "php": ">=7.3"
            },
            "type": "library",
            "autoload": {
                "psr-4": {
                    "Battis\\": "src"
                }
            },
            "notification-url": "https://packagist.org/downloads/",
            "license": [
                "GPL-3.0"
            ],
            "authors": [
                {
                    "name": "Seth Battis",
                    "email": "seth@battis.net"
                }
            ],
            "description": "Hydrate serialized objects with defaults and overrides",
            "support": {
                "issues": "https://github.com/battis/hydratable/issues",
                "source": "https://github.com/battis/hydratable/tree/v0.1"
            },
            "time": "2022-11-24T17:49:34+00:00"
        }
    ],
    "packages-dev": [],
    "aliases": [],
    "minimum-stability": "stable",
    "stability-flags": [],
    "prefer-stable": false,
    "prefer-lowest": false,
    "platform": [],
    "platform-dev": [],
    "plugin-api-version": "2.3.0"
}
